PODS:
  - Alamofire (5.4.2)
  - SDWebImage (4.4.8):
    - SDWebImage/Core (= 4.4.8)
  - SDWebImage/Core (4.4.8)
  - SVProgressHUD (2.2.5)
  - SwiftGifOrigin (1.7.0)

DEPENDENCIES:
  - Alamofire (~> 5.2)
  - SDWebImage (~> 4.0)
  - SVProgressHUD
  - SwiftGifOrigin (~> 1.7.0)

SPEC REPOS:
  trunk:
    - Alamofire
    - SDWebImage
    - SVProgressHUD
    - SwiftGifOrigin

SPEC CHECKSUMS:
  Alamofire: bfbc4c2fe5909b1d94fb4ef2277c6b3727ef5dae
  SDWebImage: 783af2c3fa36291a250030c4752ee370a9a51d13
  SVProgressHUD: 1428aafac632c1f86f62aa4243ec12008d7a51d6
  SwiftGifOrigin: fbd6cf37afcfcf97a5c3db996ddc0492e5c5c145

PODFILE CHECKSUM: 59634f96e99c0176e1590039ca787ce730e119bf

COCOAPODS: 1.10.1
